
Microsoft Visual Studio Solution File, Format Version 12.00
# Visual Studio Version 16
VisualStudioVersion = 16.0.33529.622
MinimumVisualStudioVersion = 10.0.40219.1
Project("{FAE04EC0-301F-11D3-BF4B-00C04F79EFBC}") = "AlgoritmoOitoRainhas", "AlgoritmoOitoRainhas\AlgoritmoOitoRainhas.csproj", "{7BEA183D-1121-4867-A0B9-73D6A3EB5C36}"
EndProject
Global
	GlobalSection(SolutionConfigurationPlatforms) = preSolution
		Debug|Any CPU = Debug|Any CPU
		Release|Any CPU = Release|Any CPU
	EndGlobalSection
	GlobalSection(ProjectConfigurationPlatforms) = postSolution
		{7BEA183D-1121-4867-A0B9-73D6A3EB5C36}.Debug|Any CPU.ActiveCfg = Debug|Any CPU
		{7BEA183D-1121-4867-A0B9-73D6A3EB5C36}.Debug|Any CPU.Build.0 = Debug|Any CPU
		{7BEA183D-1121-4867-A0B9-73D6A3EB5C36}.Release|Any CPU.ActiveCfg = Release|Any CPU
		{7BEA183D-1121-4867-A0B9-73D6A3EB5C36}.Release|Any CPU.Build.0 = Release|Any CPU
	EndGlobalSection
	GlobalSection(SolutionProperties) = preSolution
		HideSolutionNode = FALSE
	EndGlobalSection
	GlobalSection(ExtensibilityGlobals) = postSolution
		SolutionGuid = {8D7BA96C-C09D-4ECA-AAA7-774AC18C62B9}
	EndGlobalSection
EndGlobal
